
Microsoft Visual Studio Solution File, Format Version 12.00
# Visual Studio Version 16
VisualStudioVersion = 16.0.29102.190
MinimumVisualStudioVersion = 10.0.40219.1
Project("{FAE04EC0-301F-11D3-BF4B-00C04F79EFBC}") = "AlgoritmoDeOrdenacao", "AlgoritmoDeOrdenacao.csproj", "{B7100EFE-5F67-492A-B433-5021E24B9A1A}"
EndProject
Global
	GlobalSection(SolutionConfigurationPlatforms) = preSolution
		Debug|Any CPU = Debug|Any CPU
		Release|Any CPU = Release|Any CPU
	EndGlobalSection
	GlobalSection(ProjectConfigurationPlatforms) = postSolution
		{B7100EFE-5F67-492A-B433-5021E24B9A1A}.Debug|Any CPU.ActiveCfg = Debug|Any CPU
		{B7100EFE-5F67-492A-B433-5021E24B9A1A}.Debug|Any CPU.Build.0 = Debug|Any CPU
		{B7100EFE-5F67-492A-B433-5021E24B9A1A}.Release|Any CPU.ActiveCfg = Release|Any CPU
		{B7100EFE-5F67-492A-B433-5021E24B9A1A}.Release|Any CPU.Build.0 = Release|Any CPU
	EndGlobalSection
	GlobalSection(SolutionProperties) = preSolution
		HideSolutionNode = FALSE
	EndGlobalSection
	GlobalSection(ExtensibilityGlobals) = postSolution
		SolutionGuid = {8228F06B-32C6-4CE1-A927-C1F9A69C8D22}
	EndGlobalSection
EndGlobal
